// !$*UTF8*$!
{
	archiveVersion = 1;
	classes = {
	};
	objectVersion = 48;
	objects = {

/* Begin PBXBuildFile section */
		C1267EAA201E89AF00492A2B /* GCDBlackBox.swift in Sources */ = {isa = PBXBuildFile; fileRef = C1267EA9201E89AF00492A2B /* GCDBlackBox.swift */; };
		C1267EB0201E8D9000492A2B /* FlickrConstants.swift in Sources */ = {isa = PBXBuildFile; fileRef = C1267EAF201E8D9000492A2B /* FlickrConstants.swift */; };
		C1267EB2201E92A500492A2B /* FlickrClient.swift in Sources */ = {isa = PBXBuildFile; fileRef = C1267EB1201E92A500492A2B /* FlickrClient.swift */; };
		C18D046D201CD7DD00065756 /* AppDelegate.swift in Sources */ = {isa = PBXBuildFile; fileRef = C18D046C201CD7DD00065756 /* AppDelegate.swift */; };
		C18D046F201CD7DD00065756 /* TravelLocationsViewController.swift in Sources */ = {isa = PBXBuildFile; fileRef = C18D046E201CD7DD00065756 /* TravelLocationsViewController.swift */; };
		C18D0472201CD7DD00065756 /* Main.storyboard in Resources */ = {isa = PBXBuildFile; fileRef = C18D0470201CD7DD00065756 /* Main.storyboard */; };
		C18D0474201CD7DD00065756 /* Assets.xcassets in Resources */ = {isa = PBXBuildFile; fileRef = C18D0473201CD7DD00065756 /* Assets.xcassets */; };
		C18D0477201CD7DD00065756 /* LaunchScreen.storyboard in Resources */ = {isa = PBXBuildFile; fileRef = C18D0475201CD7DD00065756 /* LaunchScreen.storyboard */; };
		C1C07C9C2020035400048D54 /* PhotoAlbumViewController.swift in Sources */ = {isa = PBXBuildFile; fileRef = C1C07C9B2020035400048D54 /* PhotoAlbumViewController.swift */; };
/* End PBXBuildFile section */

/* Begin PBXFileReference section */
		C1267EA9201E89AF00492A2B /* GCDBlackBox.swift */ = {isa = PBXFileReference; lastKnownFileType = sourcecode.swift; path = GCDBlackBox.swift; sourceTree = "<group>"; };
		C1267EAF201E8D9000492A2B /* FlickrConstants.swift */ = {isa = PBXFileReference; lastKnownFileType = sourcecode.swift; path = FlickrConstants.swift; sourceTree = "<group>"; };
		C1267EB1201E92A500492A2B /* FlickrClient.swift */ = {isa = PBXFileReference; lastKnownFileType = sourcecode.swift; path = FlickrClient.swift; sourceTree = "<group>"; };
		C18D0469201CD7DD00065756 /* Virtual Tourist.app */ = {isa = PBXFileReference; explicitFileType = wrapper.application; includeInIndex = 0; path = "Virtual Tourist.app"; sourceTree = BUILT_PRODUCTS_DIR; };
		C18D046C201CD7DD00065756 /* AppDelegate.swift */ = {isa = PBXFileReference; lastKnownFileType = sourcecode.swift; path = AppDelegate.swift; sourceTree = "<group>"; };
		C18D046E201CD7DD00065756 /* TravelLocationsViewController.swift */ = {isa = PBXFileReference; lastKnownFileType = sourcecode.swift; path = TravelLocationsViewController.swift; sourceTree = "<group>"; };
		C18D0471201CD7DD00065756 /* Base */ = {isa = PBXFileReference; lastKnownFileType = file.storyboard; name = Base; path = Base.lproj/Main.storyboard; sourceTree = "<group>"; };
		C18D0473201CD7DD00065756 /* Assets.xcassets */ = {isa = PBXFileReference; lastKnownFileType = folder.assetcatalog; path = Assets.xcassets; sourceTree = "<group>"; };
		C18D0476201CD7DD00065756 /* Base */ = {isa = PBXFileReference; lastKnownFileType = file.storyboard; name = Base; path = Base.lproj/LaunchScreen.storyboard; sourceTree = "<group>"; };
		C18D0478201CD7DD00065756 /* Info.plist */ = {isa = PBXFileReference; lastKnownFileType = text.plist.xml; path = Info.plist; sourceTree = "<group>"; };
		C1C07C9B2020035400048D54 /* PhotoAlbumViewController.swift */ = {isa = PBXFileReference; lastKnownFileType = sourcecode.swift; path = PhotoAlbumViewController.swift; sourceTree = "<group>"; };
/* End PBXFileReference section */

/* Begin PBXFrameworksBuildPhase section */
		C18D0466201CD7DD00065756 /* Frameworks */ = {
			isa = PBXFrameworksBuildPhase;
			buildActionMask = 2147483647;
			files = (
			);
			runOnlyForDeploymentPostprocessing = 0;
		};
/* End PBXFrameworksBuildPhase section */

/* Begin PBXGroup section */
		C1267EAD201E8D5300492A2B /* API Clients */ = {
			isa = PBXGroup;
			children = (
				C1267EAE201E8D5D00492A2B /* Flickr */,
			);
			path = "API Clients";
			sourceTree = "<group>";
		};
		C1267EAE201E8D5D00492A2B /* Flickr */ = {
			isa = PBXGroup;
			children = (
				C1267EB1201E92A500492A2B /* FlickrClient.swift */,
				C1267EAF201E8D9000492A2B /* FlickrConstants.swift */,
			);
			path = Flickr;
			sourceTree = "<group>";
		};
		C18D0460201CD7DD00065756 = {
			isa = PBXGroup;
			children = (
				C18D046B201CD7DD00065756 /* Virtual Tourist */,
				C18D046A201CD7DD00065756 /* Products */,
			);
			sourceTree = "<group>";
		};
		C18D046A201CD7DD00065756 /* Products */ = {
			isa = PBXGroup;
			children = (
				C18D0469201CD7DD00065756 /* Virtual Tourist.app */,
			);
			name = Products;
			sourceTree = "<group>";
		};
		C18D046B201CD7DD00065756 /* Virtual Tourist */ = {
			isa = PBXGroup;
			children = (
				C18D0470201CD7DD00065756 /* Main.storyboard */,
				C1267EA9201E89AF00492A2B /* GCDBlackBox.swift */,
				C18D046C201CD7DD00065756 /* AppDelegate.swift */,
				C18D047E201CDF3400065756 /* Model */,
				C18D047F201CDF3D00065756 /* View */,
				C18D0480201CDF4400065756 /* Controller */,
				C18D0473201CD7DD00065756 /* Assets.xcassets */,
				C18D0475201CD7DD00065756 /* LaunchScreen.storyboard */,
				C18D0478201CD7DD00065756 /* Info.plist */,
			);
			path = "Virtual Tourist";
			sourceTree = "<group>";
		};
		C18D047E201CDF3400065756 /* Model */ = {
			isa = PBXGroup;
			children = (
				C1267EAD201E8D5300492A2B /* API Clients */,
			);
			path = Model;
			sourceTree = "<group>";
		};
		C18D047F201CDF3D00065756 /* View */ = {
			isa = PBXGroup;
			children = (
			);
			path = View;
			sourceTree = "<group>";
		};
		C18D0480201CDF4400065756 /* Controller */ = {
			isa = PBXGroup;
			children = (
				C18D046E201CD7DD00065756 /* TravelLocationsViewController.swift */,
				C1C07C9B2020035400048D54 /* PhotoAlbumViewController.swift */,
			);
			path = Controller;
			sourceTree = "<group>";
		};
/* End PBXGroup section */

/* Begin PBXNativeTarget section */
		C18D0468201CD7DD00065756 /* Virtual Tourist */ = {
			isa = PBXNativeTarget;
			buildConfigurationList = C18D047B201CD7DD00065756 /* Build configuration list for PBXNativeTarget "Virtual Tourist" */;
			buildPhases = (
				C18D0465201CD7DD00065756 /* Sources */,
				C18D0466201CD7DD00065756 /* Frameworks */,
				C18D0467201CD7DD00065756 /* Resources */,
			);
			buildRules = (
			);
			dependencies = (
			);
			name = "Virtual Tourist";
			productName = "Virtual Tourist";
			productReference = C18D0469201CD7DD00065756 /* Virtual Tourist.app */;
			productType = "com.apple.product-type.application";
		};
/* End PBXNativeTarget section */

/* Begin PBXProject section */
		C18D0461201CD7DD00065756 /* Project object */ = {
			isa = PBXProject;
			attributes = {
				LastSwiftUpdateCheck = 0920;
				LastUpgradeCheck = 0920;
				ORGANIZATIONNAME = "Jeremy Spradlin";
				TargetAttributes = {
					C18D0468201CD7DD00065756 = {
						CreatedOnToolsVersion = 9.2;
						ProvisioningStyle = Automatic;
					};
				};
			};
			buildConfigurationList = C18D0464201CD7DD00065756 /* Build configuration list for PBXProject "Virtual Tourist" */;
			compatibilityVersion = "Xcode 8.0";
			developmentRegion = en;
			hasScannedForEncodings = 0;
			knownRegions = (
				en,
				Base,
			);
			mainGroup = C18D0460201CD7DD00065756;
			productRefGroup = C18D046A201CD7DD00065756 /* Products */;
			projectDirPath = "";
			projectRoot = "";
			targets = (
				C18D0468201CD7DD00065756 /* Virtual Tourist */,
			);
		};
/* End PBXProject section */

/* Begin PBXResourcesBuildPhase section */
		C18D0467201CD7DD00065756 /* Resources */ = {
			isa = PBXResourcesBuildPhase;
			buildActionMask = 2147483647;
			files = (
				C18D0477201CD7DD00065756 /* LaunchScreen.storyboard in Resources */,
				C18D0474201CD7DD00065756 /* Assets.xcassets in Resources */,
				C18D0472201CD7DD00065756 /* Main.storyboard in Resources */,
			);
			runOnlyForDeploymentPostprocessing = 0;
		};
/* End PBXResourcesBuildPhase section */

/* Begin PBXSourcesBuildPhase section */
		C18D0465201CD7DD00065756 /* Sources */ = {
			isa = PBXSourcesBuildPhase;
			buildActionMask = 2147483647;
			files = (
				C1267EB0201E8D9000492A2B /* FlickrConstants.swift in Sources */,
				C1267EB2201E92A500492A2B /* FlickrClient.swift in Sources */,
				C18D046F201CD7DD00065756 /* TravelLocationsViewController.swift in Sources */,
				C1267EAA201E89AF00492A2B /* GCDBlackBox.swift in Sources */,
				C18D046D201CD7DD00065756 /* AppDelegate.swift in Sources */,
				C1C07C9C2020035400048D54 /* PhotoAlbumViewController.swift in Sources */,
			);
			runOnlyForDeploymentPostprocessing = 0;
		};
/* End PBXSourcesBuildPhase section */

/* Begin PBXVariantGroup section */
		C18D0470201CD7DD00065756 /* Main.storyboard */ = {
			isa = PBXVariantGroup;
			children = (
				C18D0471201CD7DD00065756 /* Base */,
			);
			name = Main.storyboard;
			sourceTree = "<group>";
		};
		C18D0475201CD7DD00065756 /* LaunchScreen.storyboard */ = {
			isa = PBXVariantGroup;
			children = (
				C18D0476201CD7DD00065756 /* Base */,
			);
			name = LaunchScreen.storyboard;
			sourceTree = "<group>";
		};
/* End PBXVariantGroup section */

/* Begin XCBuildConfiguration section */
		C18D0479201CD7DD00065756 /* Debug */ = {
			isa = XCBuildConfiguration;
			buildSettings = {
				ALWAYS_SEARCH_USER_PATHS = NO;
				CLANG_ANALYZER_NONNULL = YES;
				CLANG_ANALYZER_NUMBER_OBJECT_CONVERSION = YES_AGGRESSIVE;
				CLANG_CXX_LANGUAGE_STANDARD = "gnu++14";
				CLANG_CXX_LIBRARY = "libc++";
				CLANG_ENABLE_MODULES = YES;
				CLANG_ENABLE_OBJC_ARC = YES;
				CLANG_WARN_BLOCK_CAPTURE_AUTORELEASING = YES;
				CLANG_WARN_BOOL_CONVERSION = YES;
				CLANG_WARN_COMMA = YES;
				CLANG_WARN_CONSTANT_CONVERSION = YES;
				CLANG_WARN_DIRECT_OBJC_ISA_USAGE = YES_ERROR;
				CLANG_WARN_DOCUMENTATION_COMMENTS = YES;
				CLANG_WARN_EMPTY_BODY = YES;
				CLANG_WARN_ENUM_CONVERSION = YES;
				CLANG_WARN_INFINITE_RECURSION = YES;
				CLANG_WARN_INT_CONVERSION = YES;
				CLANG_WARN_NON_LITERAL_NULL_CONVERSION = YES;
				CLANG_WARN_OBJC_LITERAL_CONVERSION = YES;
				CLANG_WARN_OBJC_ROOT_CLASS = YES_ERROR;
				CLANG_WARN_RANGE_LOOP_ANALYSIS = YES;
				CLANG_WARN_STRICT_PROTOTYPES = YES;
				CLANG_WARN_SUSPICIOUS_MOVE = YES;
				CLANG_WARN_UNGUARDED_AVAILABILITY = YES_AGGRESSIVE;
				CLANG_WARN_UNREACHABLE_CODE = YES;
				CLANG_WARN__DUPLICATE_METHOD_MATCH = YES;
				CODE_SIGN_IDENTITY = "iPhone Developer";
				COPY_PHASE_STRIP = NO;
				DEBUG_INFORMATION_FORMAT = dwarf;
				ENABLE_STRICT_OBJC_MSGSEND = YES;
				ENABLE_TESTABILITY = YES;
				GCC_C_LANGUAGE_STANDARD = gnu11;
				GCC_DYNAMIC_NO_PIC = NO;
				GCC_NO_COMMON_BLOCKS = YES;
				GCC_OPTIMIZATION_LEVEL = 0;
				GCC_PREPROCESSOR_DEFINITIONS = (
					"DEBUG=1",
					"$(inherited)",
				);
				GCC_WARN_64_TO_32_BIT_CONVERSION = YES;
				GCC_WARN_ABOUT_RETURN_TYPE = YES_ERROR;
				GCC_WARN_UNDECLARED_SELECTOR = YES;
				GCC_WARN_UNINITIALIZED_AUTOS = YES_AGGRESSIVE;
				GCC_WARN_UNUSED_FUNCTION = YES;
				GCC_WARN_UNUSED_VARIABLE = YES;
				IPHONEOS_DEPLOYMENT_TARGET = 11.2;
				MTL_ENABLE_DEBUG_INFO = YES;
				ONLY_ACTIVE_ARCH = YES;
				SDKROOT = iphoneos;
				SWIFT_ACTIVE_COMPILATION_CONDITIONS = DEBUG;
				SWIFT_OPTIMIZATION_LEVEL = "-Onone";
			};
			name = Debug;
		};
		C18D047A201CD7DD00065756 /* Release */ = {
			isa = XCBuildConfiguration;
			buildSettings = {
				ALWAYS_SEARCH_USER_PATHS = NO;
				CLANG_ANALYZER_NONNULL = YES;
				CLANG_ANALYZER_NUMBER_OBJECT_CONVERSION = YES_AGGRESSIVE;
				CLANG_CXX_LANGUAGE_STANDARD = "gnu++14";
				CLANG_CXX_LIBRARY = "libc++";
				CLANG_ENABLE_MODULES = YES;
				CLANG_ENABLE_OBJC_ARC = YES;
				CLANG_WARN_BLOCK_CAPTURE_AUTORELEASING = YES;
				CLANG_WARN_BOOL_CONVERSION = YES;
				CLANG_WARN_COMMA = YES;
				CLANG_WARN_CONSTANT_CONVERSION = YES;
				CLANG_WARN_DIRECT_OBJC_ISA_USAGE = YES_ERROR;
				CLANG_WARN_DOCUMENTATION_COMMENTS = YES;
				CLANG_WARN_EMPTY_BODY = YES;
				CLANG_WARN_ENUM_CONVERSION = YES;
				CLANG_WARN_INFINITE_RECURSION = YES;
				CLANG_WARN_INT_CONVERSION = YES;
				CLANG_WARN_NON_LITERAL_NULL_CONVERSION = YES;
				CLANG_WARN_OBJC_LITERAL_CONVERSION = YES;
				CLANG_WARN_OBJC_ROOT_CLASS = YES_ERROR;
				CLANG_WARN_RANGE_LOOP_ANALYSIS = YES;
				CLANG_WARN_STRICT_PROTOTYPES = YES;
				CLANG_WARN_SUSPICIOUS_MOVE = YES;
				CLANG_WARN_UNGUARDED_AVAILABILITY = YES_AGGRESSIVE;
				CLANG_WARN_UNREACHABLE_CODE = YES;
				CLANG_WARN__DUPLICATE_METHOD_MATCH = YES;
				CODE_SIGN_IDENTITY = "iPhone Developer";
				COPY_PHASE_STRIP = NO;
				DEBUG_INFORMATION_FORMAT = "dwarf-with-dsym";
				ENABLE_NS_ASSERTIONS = NO;
				ENABLE_STRICT_OBJC_MSGSEND = YES;
				GCC_C_LANGUAGE_STANDARD = gnu11;
				GCC_NO_COMMON_BLOCKS = YES;
				GCC_WARN_64_TO_32_BIT_CONVERSION = YES;
				GCC_WARN_ABOUT_RETURN_TYPE = YES_ERROR;
				GCC_WARN_UNDECLARED_SELECTOR = YES;
				GCC_WARN_UNINITIALIZED_AUTOS = YES_AGGRESSIVE;
				GCC_WARN_UNUSED_FUNCTION = YES;
				GCC_WARN_UNUSED_VARIABLE = YES;
				IPHONEOS_DEPLOYMENT_TARGET = 11.2;
				MTL_ENABLE_DEBUG_INFO = NO;
				SDKROOT = iphoneos;
				SWIFT_OPTIMIZATION_LEVEL = "-Owholemodule";
				VALIDATE_PRODUCT = YES;
			};
			name = Release;
		};
		C18D047C201CD7DD00065756 /* Debug */ = {
			isa = XCBuildConfiguration;
			buildSettings = {
				ASSETCATALOG_COMPILER_APPICON_NAME = AppIcon;
				CODE_SIGN_STYLE = Automatic;
				INFOPLIST_FILE = "Virtual Tourist/Info.plist";
				LD_RUNPATH_SEARCH_PATHS = "$(inherited) @executable_path/Frameworks";
				PRODUCT_BUNDLE_IDENTIFIER = "com.udacity.Virtual-Tourist";
				PRODUCT_NAME = "$(TARGET_NAME)";
				SWIFT_VERSION = 4.0;
				TARGETED_DEVICE_FAMILY = "1,2";
			};
			name = Debug;
		};
		C18D047D201CD7DD00065756 /* Release */ = {
			isa = XCBuildConfiguration;
			buildSettings = {
				ASSETCATALOG_COMPILER_APPICON_NAME = AppIcon;
				CODE_SIGN_STYLE = Automatic;
				INFOPLIST_FILE = "Virtual Tourist/Info.plist";
				LD_RUNPATH_SEARCH_PATHS = "$(inherited) @executable_path/Frameworks";
				PRODUCT_BUNDLE_IDENTIFIER = "com.udacity.Virtual-Tourist";
				PRODUCT_NAME = "$(TARGET_NAME)";
				SWIFT_VERSION = 4.0;
				TARGETED_DEVICE_FAMILY = "1,2";
			};
			name = Release;
		};
/* End XCBuildConfiguration section */

/* Begin XCConfigurationList section */
		C18D0464201CD7DD00065756 /* Build configuration list for PBXProject "Virtual Tourist" */ = {
			isa = XCConfigurationList;
			buildConfigurations = (
				C18D0479201CD7DD00065756 /* Debug */,
				C18D047A201CD7DD00065756 /* Release */,
			);
			defaultConfigurationIsVisible = 0;
			defaultConfigurationName = Release;
		};
		C18D047B201CD7DD00065756 /* Build configuration list for PBXNativeTarget "Virtual Tourist" */ = {
			isa = XCConfigurationList;
			buildConfigurations = (
				C18D047C201CD7DD00065756 /* Debug */,
				C18D047D201CD7DD00065756 /* Release */,
			);
			defaultConfigurationIsVisible = 0;
			defaultConfigurationName = Release;
		};
/* End XCConfigurationList section */
	};
	rootObject = C18D0461201CD7DD00065756 /* Project object */;
}
